// !$*UTF8*$!
{
	archiveVersion = 1;
	classes = {
	};
	objectVersion = 50;
	objects = {

/* Begin PBXBuildFile section */
		945580162082F4B6008585A7 /* Button.swift in Sources */ = {isa = PBXBuildFile; fileRef = 945580152082F4B6008585A7 /* Button.swift */; };
		9455801A2084239E008585A7 /* FitSize.swift in Sources */ = {isa = PBXBuildFile; fileRef = 945580192084239E008585A7 /* FitSize.swift */; };
		9455801C2084267E008585A7 /* Color.swift in Sources */ = {isa = PBXBuildFile; fileRef = 9455801B2084267E008585A7 /* Color.swift */; };
		9455801E2086D739008585A7 /* Formula.swift in Sources */ = {isa = PBXBuildFile; fileRef = 9455801D2086D739008585A7 /* Formula.swift */; };
		945580212086D7AD008585A7 /* Trans.swift in Sources */ = {isa = PBXBuildFile; fileRef = 945580202086D7AD008585A7 /* Trans.swift */; };
		945580232086D81B008585A7 /* Deployment.swift in Sources */ = {isa = PBXBuildFile; fileRef = 945580222086D81B008585A7 /* Deployment.swift */; };
		945580292086D8CA008585A7 /* Both.swift in Sources */ = {isa = PBXBuildFile; fileRef = 945580282086D8CA008585A7 /* Both.swift */; };
		9455802B2086D9DC008585A7 /* Operation.swift in Sources */ = {isa = PBXBuildFile; fileRef = 9455802A2086D9DC008585A7 /* Operation.swift */; };
		9455802D208700CE008585A7 /* Util.swift in Sources */ = {isa = PBXBuildFile; fileRef = 9455802C208700CE008585A7 /* Util.swift */; };
		945723832088F789000989DE /* Choice.swift in Sources */ = {isa = PBXBuildFile; fileRef = 945723822088F789000989DE /* Choice.swift */; };
		9457238520891E61000989DE /* ChallengeTopBar.swift in Sources */ = {isa = PBXBuildFile; fileRef = 9457238420891E61000989DE /* ChallengeTopBar.swift */; };
		949448742091B7B2001685DD /* HomeViewController.swift in Sources */ = {isa = PBXBuildFile; fileRef = 949448732091B7B2001685DD /* HomeViewController.swift */; };
		949448762091BA00001685DD /* StagesViewController.swift in Sources */ = {isa = PBXBuildFile; fileRef = 949448752091BA00001685DD /* StagesViewController.swift */; };
		949448782091C948001685DD /* Assets.xcassets in Resources */ = {isa = PBXBuildFile; fileRef = 949448772091C948001685DD /* Assets.xcassets */; };
		9494487C2091F9DB001685DD /* SelectModeViewController.swift in Sources */ = {isa = PBXBuildFile; fileRef = 9494487B2091F9DB001685DD /* SelectModeViewController.swift */; };
		9494487E2092CEF2001685DD /* StageCollectionViewCell.swift in Sources */ = {isa = PBXBuildFile; fileRef = 9494487D2092CEF2001685DD /* StageCollectionViewCell.swift */; };
		9494488020930064001685DD /* Mode.swift in Sources */ = {isa = PBXBuildFile; fileRef = 9494487F20930064001685DD /* Mode.swift */; };
		9494488420956EF1001685DD /* ModeCollectionViewCell.swift in Sources */ = {isa = PBXBuildFile; fileRef = 9494488320956EF1001685DD /* ModeCollectionViewCell.swift */; };
		949448862095743F001685DD /* StageCollectionReusableView.swift in Sources */ = {isa = PBXBuildFile; fileRef = 949448852095743F001685DD /* StageCollectionReusableView.swift */; };
		9494488C2096C405001685DD /* Questions.swift in Sources */ = {isa = PBXBuildFile; fileRef = 9494488B2096C405001685DD /* Questions.swift */; };
		94ADBE14209ADE0F00EE70AA /* StageGameScene.swift in Sources */ = {isa = PBXBuildFile; fileRef = 94ADBE13209ADE0F00EE70AA /* StageGameScene.swift */; };
		94ADBE18209ADE6300EE70AA /* StageTopBar.swift in Sources */ = {isa = PBXBuildFile; fileRef = 94ADBE17209ADE6300EE70AA /* StageTopBar.swift */; };
		94ADBE1A209AE5FA00EE70AA /* BothButtonController.swift in Sources */ = {isa = PBXBuildFile; fileRef = 94ADBE19209AE5FA00EE70AA /* BothButtonController.swift */; };
		94ADBE1C209AE71200EE70AA /* TopBar.swift in Sources */ = {isa = PBXBuildFile; fileRef = 94ADBE1B209AE71200EE70AA /* TopBar.swift */; };
		94ADBE1E209AEB2200EE70AA /* GameViewController.swift in Sources */ = {isa = PBXBuildFile; fileRef = 94ADBE1D209AEB2200EE70AA /* GameViewController.swift */; };
		94ADBE23209C669F00EE70AA /* Localizable.strings in Resources */ = {isa = PBXBuildFile; fileRef = 94ADBE25209C669F00EE70AA /* Localizable.strings */; };
		94FF447D207446B100EF81DB /* AppDelegate.swift in Sources */ = {isa = PBXBuildFile; fileRef = 94FF447C207446B100EF81DB /* AppDelegate.swift */; };
		94FF4483207446B100EF81DB /* ChallengeGameScene.swift in Sources */ = {isa = PBXBuildFile; fileRef = 94FF4482207446B100EF81DB /* ChallengeGameScene.swift */; };
		94FF4488207446B100EF81DB /* Main.storyboard in Resources */ = {isa = PBXBuildFile; fileRef = 94FF4486207446B100EF81DB /* Main.storyboard */; };
		94FF448D207446B200EF81DB /* LaunchScreen.storyboard in Resources */ = {isa = PBXBuildFile; fileRef = 94FF448B207446B200EF81DB /* LaunchScreen.storyboard */; };
		94FF44BB20782C3400EF81DB /* Block.swift in Sources */ = {isa = PBXBuildFile; fileRef = 94FF44BA20782C3400EF81DB /* Block.swift */; };
/* End PBXBuildFile section */

/* Begin PBXFileReference section */
		945580152082F4B6008585A7 /* Button.swift */ = {isa = PBXFileReference; lastKnownFileType = sourcecode.swift; path = Button.swift; sourceTree = "<group>"; };
		945580192084239E008585A7 /* FitSize.swift */ = {isa = PBXFileReference; lastKnownFileType = sourcecode.swift; path = FitSize.swift; sourceTree = "<group>"; };
		9455801B2084267E008585A7 /* Color.swift */ = {isa = PBXFileReference; lastKnownFileType = sourcecode.swift; path = Color.swift; sourceTree = "<group>"; };
		9455801D2086D739008585A7 /* Formula.swift */ = {isa = PBXFileReference; lastKnownFileType = sourcecode.swift; path = Formula.swift; sourceTree = "<group>"; };
		945580202086D7AD008585A7 /* Trans.swift */ = {isa = PBXFileReference; lastKnownFileType = sourcecode.swift; path = Trans.swift; sourceTree = "<group>"; };
		945580222086D81B008585A7 /* Deployment.swift */ = {isa = PBXFileReference; lastKnownFileType = sourcecode.swift; path = Deployment.swift; sourceTree = "<group>"; };
		945580282086D8CA008585A7 /* Both.swift */ = {isa = PBXFileReference; lastKnownFileType = sourcecode.swift; path = Both.swift; sourceTree = "<group>"; };
		9455802A2086D9DC008585A7 /* Operation.swift */ = {isa = PBXFileReference; lastKnownFileType = sourcecode.swift; path = Operation.swift; sourceTree = "<group>"; };
		9455802C208700CE008585A7 /* Util.swift */ = {isa = PBXFileReference; lastKnownFileType = sourcecode.swift; path = Util.swift; sourceTree = "<group>"; };
		945723822088F789000989DE /* Choice.swift */ = {isa = PBXFileReference; lastKnownFileType = sourcecode.swift; path = Choice.swift; sourceTree = "<group>"; };
		9457238420891E61000989DE /* ChallengeTopBar.swift */ = {isa = PBXFileReference; lastKnownFileType = sourcecode.swift; path = ChallengeTopBar.swift; sourceTree = "<group>"; };
		949448732091B7B2001685DD /* HomeViewController.swift */ = {isa = PBXFileReference; lastKnownFileType = sourcecode.swift; path = HomeViewController.swift; sourceTree = "<group>"; };
		949448752091BA00001685DD /* StagesViewController.swift */ = {isa = PBXFileReference; lastKnownFileType = sourcecode.swift; path = StagesViewController.swift; sourceTree = "<group>"; };
		949448772091C948001685DD /* Assets.xcassets */ = {isa = PBXFileReference; lastKnownFileType = folder.assetcatalog; path = Assets.xcassets; sourceTree = "<group>"; };
		9494487B2091F9DB001685DD /* SelectModeViewController.swift */ = {isa = PBXFileReference; lastKnownFileType = sourcecode.swift; path = SelectModeViewController.swift; sourceTree = "<group>"; };
		9494487D2092CEF2001685DD /* StageCollectionViewCell.swift */ = {isa = PBXFileReference; lastKnownFileType = sourcecode.swift; path = StageCollectionViewCell.swift; sourceTree = "<group>"; };
		9494487F20930064001685DD /* Mode.swift */ = {isa = PBXFileReference; lastKnownFileType = sourcecode.swift; path = Mode.swift; sourceTree = "<group>"; };
		9494488320956EF1001685DD /* ModeCollectionViewCell.swift */ = {isa = PBXFileReference; lastKnownFileType = sourcecode.swift; path = ModeCollectionViewCell.swift; sourceTree = "<group>"; };
		949448852095743F001685DD /* StageCollectionReusableView.swift */ = {isa = PBXFileReference; lastKnownFileType = sourcecode.swift; path = StageCollectionReusableView.swift; sourceTree = "<group>"; };
		9494488B2096C405001685DD /* Questions.swift */ = {isa = PBXFileReference; lastKnownFileType = sourcecode.swift; path = Questions.swift; sourceTree = "<group>"; };
		94ADBE13209ADE0F00EE70AA /* StageGameScene.swift */ = {isa = PBXFileReference; lastKnownFileType = sourcecode.swift; path = StageGameScene.swift; sourceTree = "<group>"; };
		94ADBE17209ADE6300EE70AA /* StageTopBar.swift */ = {isa = PBXFileReference; lastKnownFileType = sourcecode.swift; path = StageTopBar.swift; sourceTree = "<group>"; };
		94ADBE19209AE5FA00EE70AA /* BothButtonController.swift */ = {isa = PBXFileReference; lastKnownFileType = sourcecode.swift; path = BothButtonController.swift; sourceTree = "<group>"; };
		94ADBE1B209AE71200EE70AA /* TopBar.swift */ = {isa = PBXFileReference; lastKnownFileType = sourcecode.swift; path = TopBar.swift; sourceTree = "<group>"; };
		94ADBE1D209AEB2200EE70AA /* GameViewController.swift */ = {isa = PBXFileReference; lastKnownFileType = sourcecode.swift; path = GameViewController.swift; sourceTree = "<group>"; };
		94ADBE24209C669F00EE70AA /* en */ = {isa = PBXFileReference; lastKnownFileType = text.plist.strings; name = en; path = en.lproj/Localizable.strings; sourceTree = "<group>"; };
		94BF49B2209CA049007BA638 /* ja */ = {isa = PBXFileReference; lastKnownFileType = text.plist.strings; name = ja; path = ja.lproj/Localizable.strings; sourceTree = "<group>"; };
		94FF4479207446B100EF81DB /* Xpzl.app */ = {isa = PBXFileReference; explicitFileType = wrapper.application; includeInIndex = 0; path = Xpzl.app; sourceTree = BUILT_PRODUCTS_DIR; };
		94FF447C207446B100EF81DB /* AppDelegate.swift */ = {isa = PBXFileReference; lastKnownFileType = sourcecode.swift; path = AppDelegate.swift; sourceTree = "<group>"; };
		94FF4482207446B100EF81DB /* ChallengeGameScene.swift */ = {isa = PBXFileReference; lastKnownFileType = sourcecode.swift; path = ChallengeGameScene.swift; sourceTree = "<group>"; };
		94FF4487207446B100EF81DB /* Base */ = {isa = PBXFileReference; lastKnownFileType = file.storyboard; name = Base; path = Base.lproj/Main.storyboard; sourceTree = "<group>"; };
		94FF448C207446B200EF81DB /* Base */ = {isa = PBXFileReference; lastKnownFileType = file.storyboard; name = Base; path = Base.lproj/LaunchScreen.storyboard; sourceTree = "<group>"; };
		94FF448E207446B200EF81DB /* Info.plist */ = {isa = PBXFileReference; lastKnownFileType = text.plist.xml; path = Info.plist; sourceTree = "<group>"; };
		94FF44BA20782C3400EF81DB /* Block.swift */ = {isa = PBXFileReference; lastKnownFileType = sourcecode.swift; path = Block.swift; sourceTree = "<group>"; };
/* End PBXFileReference section */

/* Begin PBXFrameworksBuildPhase section */
		94FF4476207446B100EF81DB /* Frameworks */ = {
			isa = PBXFrameworksBuildPhase;
			buildActionMask = 2147483647;
			files = (
			);
			runOnlyForDeploymentPostprocessing = 0;
		};
/* End PBXFrameworksBuildPhase section */

/* Begin PBXGroup section */
		9455801F2086D79B008585A7 /* operation */ = {
			isa = PBXGroup;
			children = (
				9455802A2086D9DC008585A7 /* Operation.swift */,
				945723822088F789000989DE /* Choice.swift */,
				945580202086D7AD008585A7 /* Trans.swift */,
				945580222086D81B008585A7 /* Deployment.swift */,
				945580282086D8CA008585A7 /* Both.swift */,
			);
			path = operation;
			sourceTree = "<group>";
		};
		949448722091A786001685DD /* Game */ = {
			isa = PBXGroup;
			children = (
				94ADBE15209ADE1700EE70AA /* Scene */,
				94ADBE16209ADE3C00EE70AA /* TopBar */,
				9455801D2086D739008585A7 /* Formula.swift */,
				94ADBE19209AE5FA00EE70AA /* BothButtonController.swift */,
				94FF44BA20782C3400EF81DB /* Block.swift */,
				945580152082F4B6008585A7 /* Button.swift */,
				9455802C208700CE008585A7 /* Util.swift */,
				945580192084239E008585A7 /* FitSize.swift */,
				9455801B2084267E008585A7 /* Color.swift */,
				9494488B2096C405001685DD /* Questions.swift */,
				9455801F2086D79B008585A7 /* operation */,
			);
			path = Game;
			sourceTree = "<group>";
		};
		9494488720957453001685DD /* Stages */ = {
			isa = PBXGroup;
			children = (
				949448752091BA00001685DD /* StagesViewController.swift */,
				949448852095743F001685DD /* StageCollectionReusableView.swift */,
				9494487D2092CEF2001685DD /* StageCollectionViewCell.swift */,
			);
			path = Stages;
			sourceTree = "<group>";
		};
		94944888209581D7001685DD /* SelectMode */ = {
			isa = PBXGroup;
			children = (
				9494487F20930064001685DD /* Mode.swift */,
				9494487B2091F9DB001685DD /* SelectModeViewController.swift */,
				9494488320956EF1001685DD /* ModeCollectionViewCell.swift */,
			);
			path = SelectMode;
			sourceTree = "<group>";
		};
		94ADBE15209ADE1700EE70AA /* Scene */ = {
			isa = PBXGroup;
			children = (
				94FF4482207446B100EF81DB /* ChallengeGameScene.swift */,
				94ADBE13209ADE0F00EE70AA /* StageGameScene.swift */,
			);
			path = Scene;
			sourceTree = "<group>";
		};
		94ADBE16209ADE3C00EE70AA /* TopBar */ = {
			isa = PBXGroup;
			children = (
				94ADBE1B209AE71200EE70AA /* TopBar.swift */,
				9457238420891E61000989DE /* ChallengeTopBar.swift */,
				94ADBE17209ADE6300EE70AA /* StageTopBar.swift */,
			);
			path = TopBar;
			sourceTree = "<group>";
		};
		94FF4470207446B100EF81DB = {
			isa = PBXGroup;
			children = (
				94ADBE25209C669F00EE70AA /* Localizable.strings */,
				94FF447B207446B100EF81DB /* Xpzl */,
				94FF447A207446B100EF81DB /* Products */,
			);
			sourceTree = "<group>";
		};
		94FF447A207446B100EF81DB /* Products */ = {
			isa = PBXGroup;
			children = (
				94FF4479207446B100EF81DB /* Xpzl.app */,
			);
			name = Products;
			sourceTree = "<group>";
		};
		94FF447B207446B100EF81DB /* Xpzl */ = {
			isa = PBXGroup;
			children = (
				949448722091A786001685DD /* Game */,
				94FF447C207446B100EF81DB /* AppDelegate.swift */,
				94FF448B207446B200EF81DB /* LaunchScreen.storyboard */,
				94FF4486207446B100EF81DB /* Main.storyboard */,
				949448732091B7B2001685DD /* HomeViewController.swift */,
				9494488720957453001685DD /* Stages */,
				94944888209581D7001685DD /* SelectMode */,
				94ADBE1D209AEB2200EE70AA /* GameViewController.swift */,
				949448772091C948001685DD /* Assets.xcassets */,
				94FF448E207446B200EF81DB /* Info.plist */,
			);
			path = Xpzl;
			sourceTree = "<group>";
		};
/* End PBXGroup section */

/* Begin PBXNativeTarget section */
		94FF4478207446B100EF81DB /* Xpzl */ = {
			isa = PBXNativeTarget;
			buildConfigurationList = 94FF4491207446B200EF81DB /* Build configuration list for PBXNativeTarget "Xpzl" */;
			buildPhases = (
				94FF4475207446B100EF81DB /* Sources */,
				94FF4476207446B100EF81DB /* Frameworks */,
				94FF4477207446B100EF81DB /* Resources */,
			);
			buildRules = (
			);
			dependencies = (
			);
			name = Xpzl;
			productName = Xdungeon;
			productReference = 94FF4479207446B100EF81DB /* Xpzl.app */;
			productType = "com.apple.product-type.application";
		};
/* End PBXNativeTarget section */

/* Begin PBXProject section */
		94FF4471207446B100EF81DB /* Project object */ = {
			isa = PBXProject;
			attributes = {
				LastSwiftUpdateCheck = 0930;
				LastUpgradeCheck = 0930;
				ORGANIZATIONNAME = michiharu;
				TargetAttributes = {
					94FF4478207446B100EF81DB = {
						CreatedOnToolsVersion = 9.3;
					};
				};
			};
			buildConfigurationList = 94FF4474207446B100EF81DB /* Build configuration list for PBXProject "Xpzl" */;
			compatibilityVersion = "Xcode 9.3";
			developmentRegion = en;
			hasScannedForEncodings = 0;
			knownRegions = (
				en,
				Base,
				ja,
			);
			mainGroup = 94FF4470207446B100EF81DB;
			productRefGroup = 94FF447A207446B100EF81DB /* Products */;
			projectDirPath = "";
			projectRoot = "";
			targets = (
				94FF4478207446B100EF81DB /* Xpzl */,
			);
		};
/* End PBXProject section */

/* Begin PBXResourcesBuildPhase section */
		94FF4477207446B100EF81DB /* Resources */ = {
			isa = PBXResourcesBuildPhase;
			buildActionMask = 2147483647;
			files = (
				94FF4488207446B100EF81DB /* Main.storyboard in Resources */,
				94ADBE23209C669F00EE70AA /* Localizable.strings in Resources */,
				949448782091C948001685DD /* Assets.xcassets in Resources */,
				94FF448D207446B200EF81DB /* LaunchScreen.storyboard in Resources */,
			);
			runOnlyForDeploymentPostprocessing = 0;
		};
/* End PBXResourcesBuildPhase section */

/* Begin PBXSourcesBuildPhase section */
		94FF4475207446B100EF81DB /* Sources */ = {
			isa = PBXSourcesBuildPhase;
			buildActionMask = 2147483647;
			files = (
				94ADBE1C209AE71200EE70AA /* TopBar.swift in Sources */,
				94FF4483207446B100EF81DB /* ChallengeGameScene.swift in Sources */,
				9455802B2086D9DC008585A7 /* Operation.swift in Sources */,
				94FF44BB20782C3400EF81DB /* Block.swift in Sources */,
				949448762091BA00001685DD /* StagesViewController.swift in Sources */,
				9494488420956EF1001685DD /* ModeCollectionViewCell.swift in Sources */,
				94ADBE1A209AE5FA00EE70AA /* BothButtonController.swift in Sources */,
				945580292086D8CA008585A7 /* Both.swift in Sources */,
				9455801E2086D739008585A7 /* Formula.swift in Sources */,
				94ADBE1E209AEB2200EE70AA /* GameViewController.swift in Sources */,
				9494488020930064001685DD /* Mode.swift in Sources */,
				9455802D208700CE008585A7 /* Util.swift in Sources */,
				949448742091B7B2001685DD /* HomeViewController.swift in Sources */,
				945580212086D7AD008585A7 /* Trans.swift in Sources */,
				945580232086D81B008585A7 /* Deployment.swift in Sources */,
				9494488C2096C405001685DD /* Questions.swift in Sources */,
				9494487E2092CEF2001685DD /* StageCollectionViewCell.swift in Sources */,
				94ADBE14209ADE0F00EE70AA /* StageGameScene.swift in Sources */,
				945580162082F4B6008585A7 /* Button.swift in Sources */,
				949448862095743F001685DD /* StageCollectionReusableView.swift in Sources */,
				9494487C2091F9DB001685DD /* SelectModeViewController.swift in Sources */,
				9457238520891E61000989DE /* ChallengeTopBar.swift in Sources */,
				945723832088F789000989DE /* Choice.swift in Sources */,
				9455801A2084239E008585A7 /* FitSize.swift in Sources */,
				94FF447D207446B100EF81DB /* AppDelegate.swift in Sources */,
				9455801C2084267E008585A7 /* Color.swift in Sources */,
				94ADBE18209ADE6300EE70AA /* StageTopBar.swift in Sources */,
			);
			runOnlyForDeploymentPostprocessing = 0;
		};
/* End PBXSourcesBuildPhase section */

/* Begin PBXVariantGroup section */
		94ADBE25209C669F00EE70AA /* Localizable.strings */ = {
			isa = PBXVariantGroup;
			children = (
				94ADBE24209C669F00EE70AA /* en */,
				94BF49B2209CA049007BA638 /* ja */,
			);
			name = Localizable.strings;
			sourceTree = "<group>";
		};
		94FF4486207446B100EF81DB /* Main.storyboard */ = {
			isa = PBXVariantGroup;
			children = (
				94FF4487207446B100EF81DB /* Base */,
			);
			name = Main.storyboard;
			sourceTree = "<group>";
		};
		94FF448B207446B200EF81DB /* LaunchScreen.storyboard */ = {
			isa = PBXVariantGroup;
			children = (
				94FF448C207446B200EF81DB /* Base */,
			);
			name = LaunchScreen.storyboard;
			sourceTree = "<group>";
		};
/* End PBXVariantGroup section */

/* Begin XCBuildConfiguration section */
		94FF448F207446B200EF81DB /* Debug */ = {
			isa = XCBuildConfiguration;
			buildSettings = {
				ALWAYS_SEARCH_USER_PATHS = NO;
				CLANG_ANALYZER_LOCALIZABILITY_NONLOCALIZED = YES;
				CLANG_ANALYZER_NONNULL = YES;
				CLANG_ANALYZER_NUMBER_OBJECT_CONVERSION = YES_AGGRESSIVE;
				CLANG_CXX_LANGUAGE_STANDARD = "gnu++14";
				CLANG_CXX_LIBRARY = "libc++";
				CLANG_ENABLE_MODULES = YES;
				CLANG_ENABLE_OBJC_ARC = YES;
				CLANG_ENABLE_OBJC_WEAK = YES;
				CLANG_WARN_BLOCK_CAPTURE_AUTORELEASING = YES;
				CLANG_WARN_BOOL_CONVERSION = YES;
				CLANG_WARN_COMMA = YES;
				CLANG_WARN_CONSTANT_CONVERSION = YES;
				CLANG_WARN_DEPRECATED_OBJC_IMPLEMENTATIONS = YES;
				CLANG_WARN_DIRECT_OBJC_ISA_USAGE = YES_ERROR;
				CLANG_WARN_DOCUMENTATION_COMMENTS = YES;
				CLANG_WARN_EMPTY_BODY = YES;
				CLANG_WARN_ENUM_CONVERSION = YES;
				CLANG_WARN_INFINITE_RECURSION = YES;
				CLANG_WARN_INT_CONVERSION = YES;
				CLANG_WARN_NON_LITERAL_NULL_CONVERSION = YES;
				CLANG_WARN_OBJC_IMPLICIT_RETAIN_SELF = YES;
				CLANG_WARN_OBJC_LITERAL_CONVERSION = YES;
				CLANG_WARN_OBJC_ROOT_CLASS = YES_ERROR;
				CLANG_WARN_RANGE_LOOP_ANALYSIS = YES;
				CLANG_WARN_STRICT_PROTOTYPES = YES;
				CLANG_WARN_SUSPICIOUS_MOVE = YES;
				CLANG_WARN_UNGUARDED_AVAILABILITY = YES_AGGRESSIVE;
				CLANG_WARN_UNREACHABLE_CODE = YES;
				CLANG_WARN__DUPLICATE_METHOD_MATCH = YES;
				CODE_SIGN_IDENTITY = "iPhone Developer";
				COPY_PHASE_STRIP = NO;
				DEBUG_INFORMATION_FORMAT = dwarf;
				ENABLE_STRICT_OBJC_MSGSEND = YES;
				ENABLE_TESTABILITY = YES;
				GCC_C_LANGUAGE_STANDARD = gnu11;
				GCC_DYNAMIC_NO_PIC = NO;
				GCC_NO_COMMON_BLOCKS = YES;
				GCC_OPTIMIZATION_LEVEL = 0;
				GCC_PREPROCESSOR_DEFINITIONS = (
					"DEBUG=1",
					"$(inherited)",
				);
				GCC_WARN_64_TO_32_BIT_CONVERSION = YES;
				GCC_WARN_ABOUT_RETURN_TYPE = YES_ERROR;
				GCC_WARN_UNDECLARED_SELECTOR = YES;
				GCC_WARN_UNINITIALIZED_AUTOS = YES_AGGRESSIVE;
				GCC_WARN_UNUSED_FUNCTION = YES;
				GCC_WARN_UNUSED_VARIABLE = YES;
				IPHONEOS_DEPLOYMENT_TARGET = 11.3;
				MTL_ENABLE_DEBUG_INFO = YES;
				ONLY_ACTIVE_ARCH = YES;
				SDKROOT = iphoneos;
				SWIFT_ACTIVE_COMPILATION_CONDITIONS = DEBUG;
				SWIFT_OPTIMIZATION_LEVEL = "-Onone";
			};
			name = Debug;
		};
		94FF4490207446B200EF81DB /* Release */ = {
			isa = XCBuildConfiguration;
			buildSettings = {
				ALWAYS_SEARCH_USER_PATHS = NO;
				CLANG_ANALYZER_LOCALIZABILITY_NONLOCALIZED = YES;
				CLANG_ANALYZER_NONNULL = YES;
				CLANG_ANALYZER_NUMBER_OBJECT_CONVERSION = YES_AGGRESSIVE;
				CLANG_CXX_LANGUAGE_STANDARD = "gnu++14";
				CLANG_CXX_LIBRARY = "libc++";
				CLANG_ENABLE_MODULES = YES;
				CLANG_ENABLE_OBJC_ARC = YES;
				CLANG_ENABLE_OBJC_WEAK = YES;
				CLANG_WARN_BLOCK_CAPTURE_AUTORELEASING = YES;
				CLANG_WARN_BOOL_CONVERSION = YES;
				CLANG_WARN_COMMA = YES;
				CLANG_WARN_CONSTANT_CONVERSION = YES;
				CLANG_WARN_DEPRECATED_OBJC_IMPLEMENTATIONS = YES;
				CLANG_WARN_DIRECT_OBJC_ISA_USAGE = YES_ERROR;
				CLANG_WARN_DOCUMENTATION_COMMENTS = YES;
				CLANG_WARN_EMPTY_BODY = YES;
				CLANG_WARN_ENUM_CONVERSION = YES;
				CLANG_WARN_INFINITE_RECURSION = YES;
				CLANG_WARN_INT_CONVERSION = YES;
				CLANG_WARN_NON_LITERAL_NULL_CONVERSION = YES;
				CLANG_WARN_OBJC_IMPLICIT_RETAIN_SELF = YES;
				CLANG_WARN_OBJC_LITERAL_CONVERSION = YES;
				CLANG_WARN_OBJC_ROOT_CLASS = YES_ERROR;
				CLANG_WARN_RANGE_LOOP_ANALYSIS = YES;
				CLANG_WARN_STRICT_PROTOTYPES = YES;
				CLANG_WARN_SUSPICIOUS_MOVE = YES;
				CLANG_WARN_UNGUARDED_AVAILABILITY = YES_AGGRESSIVE;
				CLANG_WARN_UNREACHABLE_CODE = YES;
				CLANG_WARN__DUPLICATE_METHOD_MATCH = YES;
				CODE_SIGN_IDENTITY = "iPhone Developer";
				COPY_PHASE_STRIP = NO;
				DEBUG_INFORMATION_FORMAT = "dwarf-with-dsym";
				ENABLE_NS_ASSERTIONS = NO;
				ENABLE_STRICT_OBJC_MSGSEND = YES;
				GCC_C_LANGUAGE_STANDARD = gnu11;
				GCC_NO_COMMON_BLOCKS = YES;
				GCC_WARN_64_TO_32_BIT_CONVERSION = YES;
				GCC_WARN_ABOUT_RETURN_TYPE = YES_ERROR;
				GCC_WARN_UNDECLARED_SELECTOR = YES;
				GCC_WARN_UNINITIALIZED_AUTOS = YES_AGGRESSIVE;
				GCC_WARN_UNUSED_FUNCTION = YES;
				GCC_WARN_UNUSED_VARIABLE = YES;
				IPHONEOS_DEPLOYMENT_TARGET = 11.3;
				MTL_ENABLE_DEBUG_INFO = NO;
				SDKROOT = iphoneos;
				SWIFT_COMPILATION_MODE = wholemodule;
				SWIFT_OPTIMIZATION_LEVEL = "-O";
				VALIDATE_PRODUCT = YES;
			};
			name = Release;
		};
		94FF4492207446B200EF81DB /* Debug */ = {
			isa = XCBuildConfiguration;
			buildSettings = {
				ASSETCATALOG_COMPILER_APPICON_NAME = AppIcon;
				CLANG_USE_OPTIMIZATION_PROFILE = YES;
				CODE_SIGN_IDENTITY = "iPhone Developer";
				CODE_SIGN_STYLE = Automatic;
				DEVELOPMENT_TEAM = T8Z2Y8U8RC;
				INFOPLIST_FILE = Xpzl/Info.plist;
				IPHONEOS_DEPLOYMENT_TARGET = 11.3;
				LD_RUNPATH_SEARCH_PATHS = (
					"$(inherited)",
					"@executable_path/Frameworks",
				);
				PRODUCT_BUNDLE_IDENTIFIER = "com.suna-asobi.Xpuzzl";
				PRODUCT_NAME = "$(TARGET_NAME)";
				PROVISIONING_PROFILE = "";
				PROVISIONING_PROFILE_SPECIFIER = "";
				SWIFT_VERSION = 4.0;
				TARGETED_DEVICE_FAMILY = 1;
			};
			name = Debug;
		};
		94FF4493207446B200EF81DB /* Release */ = {
			isa = XCBuildConfiguration;
			buildSettings = {
				ASSETCATALOG_COMPILER_APPICON_NAME = AppIcon;
				CLANG_USE_OPTIMIZATION_PROFILE = YES;
				CODE_SIGN_IDENTITY = "iPhone Developer";
				CODE_SIGN_STYLE = Automatic;
				DEVELOPMENT_TEAM = T8Z2Y8U8RC;
				INFOPLIST_FILE = Xpzl/Info.plist;
				IPHONEOS_DEPLOYMENT_TARGET = 11.3;
				LD_RUNPATH_SEARCH_PATHS = (
					"$(inherited)",
					"@executable_path/Frameworks",
				);
				PRODUCT_BUNDLE_IDENTIFIER = "com.suna-asobi.Xpuzzl";
				PRODUCT_NAME = "$(TARGET_NAME)";
				PROVISIONING_PROFILE_SPECIFIER = "";
				SWIFT_VERSION = 4.0;
				TARGETED_DEVICE_FAMILY = 1;
			};
			name = Release;
		};
/* End XCBuildConfiguration section */

/* Begin XCConfigurationList section */
		94FF4474207446B100EF81DB /* Build configuration list for PBXProject "Xpzl" */ = {
			isa = XCConfigurationList;
			buildConfigurations = (
				94FF448F207446B200EF81DB /* Debug */,
				94FF4490207446B200EF81DB /* Release */,
			);
			defaultConfigurationIsVisible = 0;
			defaultConfigurationName = Release;
		};
		94FF4491207446B200EF81DB /* Build configuration list for PBXNativeTarget "Xpzl" */ = {
			isa = XCConfigurationList;
			buildConfigurations = (
				94FF4492207446B200EF81DB /* Debug */,
				94FF4493207446B200EF81DB /* Release */,
			);
			defaultConfigurationIsVisible = 0;
			defaultConfigurationName = Release;
		};
/* End XCConfigurationList section */
	};
	rootObject = 94FF4471207446B100EF81DB /* Project object */;
}
